# @generated - this file is auto-generated by `mise lock` https://mise.jdx.dev/dev-tools/mise-lock.html

lockfile_version = 2

[[tools."github:cli/cli"]]
version = "2.101.0"
backend = "github:cli/cli"
specifiers = ["latest"]

[tools."github:cli/cli"."platforms.linux-x64"]
checksum = "sha256:9bca2d1c16825f109907a23307628a2f0698fbf99662b73a5cf0b020293072b8"
url = "https://github.com/cli/cli/releases/download/v2.101.0/gh_2.101.0_linux_amd64.tar.gz"
url_api = "https://api.github.com/repos/cli/cli/releases/assets/565857134"
provenance = "github-attestations"

[[tools."github:danielrobbins/keychain"]]
version = "3.0.5"
backend = "github:danielrobbins/keychain"
specifiers = ["latest"]

[tools."github:danielrobbins/keychain".options]
asset_pattern = "keychain-{{ version }}.pyz"

[tools."github:danielrobbins/keychain"."platforms.linux-x64"]
checksum = "sha256:5f722762c44b65b26d74ab840e2a63508b50b2663016db8bf35717a33a778854"
url = "https://github.com/danielrobbins/keychain/releases/download/3.0.5/keychain-3.0.5.pyz"
url_api = "https://api.github.com/repos/danielrobbins/keychain/releases/assets/580289567"
